
Microsoft Visual Studio Solution File, Format Version 12.00
# Visual Studio Version 17
VisualStudioVersion = 17.14.36414.22 d17.14
MinimumVisualStudioVersion = 10.0.40219.1
Project("{FAE04EC0-301F-11D3-BF4B-00C04F79EFBC}") = "MyAdventure", "MyAdventure\MyAdventure.csproj", "{B668D581-D63B-4B49-BCE8-5B9CBA92A7DC}"
EndProject
Global
	GlobalSection(SolutionConfigurationPlatforms) = preSolution
		Debug|Any CPU = Debug|Any CPU
		Release|Any CPU = Release|Any CPU
	EndGlobalSection
	GlobalSection(ProjectConfigurationPlatforms) = postSolution
		{B668D581-D63B-4B49-BCE8-5B9CBA92A7DC}.Debug|Any CPU.ActiveCfg = Debug|Any CPU
		{B668D581-D63B-4B49-BCE8-5B9CBA92A7DC}.Debug|Any CPU.Build.0 = Debug|Any CPU
		{B668D581-D63B-4B49-BCE8-5B9CBA92A7DC}.Release|Any CPU.ActiveCfg = Release|Any CPU
		{B668D581-D63B-4B49-BCE8-5B9CBA92A7DC}.Release|Any CPU.Build.0 = Release|Any CPU
	EndGlobalSection
	GlobalSection(SolutionProperties) = preSolution
		HideSolutionNode = FALSE
	EndGlobalSection
	GlobalSection(ExtensibilityGlobals) = postSolution
		SolutionGuid = {AC1E78C3-B309-4C59-BD33-35223D184C67}
	EndGlobalSection
EndGlobal
